
Microsoft Visual Studio Solution File, Format Version 12.00
# Visual Studio Version 17
VisualStudioVersion = 17.4.33213.308
MinimumVisualStudioVersion = 10.0.40219.1
Project("{FAE04EC0-301F-11D3-BF4B-00C04F79EFBC}") = "dz69", "dz69\dz69.csproj", "{7D5901F0-6C0A-4AC4-9399-81BBA458F136}"
EndProject
Global
	GlobalSection(SolutionConfigurationPlatforms) = preSolution
		Debug|Any CPU = Debug|Any CPU
		Release|Any CPU = Release|Any CPU
	EndGlobalSection
	GlobalSection(ProjectConfigurationPlatforms) = postSolution
		{7D5901F0-6C0A-4AC4-9399-81BBA458F136}.Debug|Any CPU.ActiveCfg = Debug|Any CPU
		{7D5901F0-6C0A-4AC4-9399-81BBA458F136}.Debug|Any CPU.Build.0 = Debug|Any CPU
		{7D5901F0-6C0A-4AC4-9399-81BBA458F136}.Release|Any CPU.ActiveCfg = Release|Any CPU
		{7D5901F0-6C0A-4AC4-9399-81BBA458F136}.Release|Any CPU.Build.0 = Release|Any CPU
	EndGlobalSection
	GlobalSection(SolutionProperties) = preSolution
		HideSolutionNode = FALSE
	EndGlobalSection
	GlobalSection(ExtensibilityGlobals) = postSolution
		SolutionGuid = {1FDF3240-3ACA-48B9-A3F5-0DF019C61B5C}
	EndGlobalSection
EndGlobal
